// !$*UTF8*$!
{
	archiveVersion = 1;
	classes = {
	};
	objectVersion = 50;
	objects = {

/* Begin PBXBuildFile section */
		9E4E7A27241E945100765C17 /* main.swift in Sources */ = {isa = PBXBuildFile; fileRef = 9E4E7A26241E945100765C17 /* main.swift */; };
		9E4E7A2E241E946400765C17 /* Conversor.swift in Sources */ = {isa = PBXBuildFile; fileRef = 9E4E7A2D241E946400765C17 /* Conversor.swift */; };
		9E4E7A30241FA02D00765C17 /* Constants.swift in Sources */ = {isa = PBXBuildFile; fileRef = 9E4E7A2F241FA02D00765C17 /* Constants.swift */; };
		9E4E7A32241FA04600765C17 /* State.swift in Sources */ = {isa = PBXBuildFile; fileRef = 9E4E7A31241FA04600765C17 /* State.swift */; };
		9E4E7A34241FA5CB00765C17 /* Extensions.swift in Sources */ = {isa = PBXBuildFile; fileRef = 9E4E7A33241FA5CB00765C17 /* Extensions.swift */; };
		9E4E7A36241FA80B00765C17 /* States.swift in Sources */ = {isa = PBXBuildFile; fileRef = 9E4E7A35241FA80B00765C17 /* States.swift */; };
		9E4E7A38241FA82700765C17 /* Transition.swift in Sources */ = {isa = PBXBuildFile; fileRef = 9E4E7A37241FA82700765C17 /* Transition.swift */; };
		9E4E7A3A241FA9E200765C17 /* Transitions.swift in Sources */ = {isa = PBXBuildFile; fileRef = 9E4E7A39241FA9E200765C17 /* Transitions.swift */; };
/* End PBXBuildFile section */

/* Begin PBXCopyFilesBuildPhase section */
		9E4E7A21241E945100765C17 /* CopyFiles */ = {
			isa = PBXCopyFilesBuildPhase;
			buildActionMask = 2147483647;
			dstPath = /usr/share/man/man1/;
			dstSubfolderSpec = 0;
			files = (
			);
			runOnlyForDeploymentPostprocessing = 1;
		};
/* End PBXCopyFilesBuildPhase section */

/* Begin PBXFileReference section */
		9E4E7A23241E945100765C17 /* ParsingTool */ = {isa = PBXFileReference; explicitFileType = "compiled.mach-o.executable"; includeInIndex = 0; path = ParsingTool; sourceTree = BUILT_PRODUCTS_DIR; };
		9E4E7A26241E945100765C17 /* main.swift */ = {isa = PBXFileReference; lastKnownFileType = sourcecode.swift; path = main.swift; sourceTree = "<group>"; };
		9E4E7A2D241E946400765C17 /* Conversor.swift */ = {isa = PBXFileReference; fileEncoding = 4; lastKnownFileType = sourcecode.swift; path = Conversor.swift; sourceTree = "<group>"; };
		9E4E7A2F241FA02D00765C17 /* Constants.swift */ = {isa = PBXFileReference; lastKnownFileType = sourcecode.swift; path = Constants.swift; sourceTree = "<group>"; };
		9E4E7A31241FA04600765C17 /* State.swift */ = {isa = PBXFileReference; lastKnownFileType = sourcecode.swift; path = State.swift; sourceTree = "<group>"; };
		9E4E7A33241FA5CB00765C17 /* Extensions.swift */ = {isa = PBXFileReference; lastKnownFileType = sourcecode.swift; path = Extensions.swift; sourceTree = "<group>"; };
		9E4E7A35241FA80B00765C17 /* States.swift */ = {isa = PBXFileReference; lastKnownFileType = sourcecode.swift; path = States.swift; sourceTree = "<group>"; };
		9E4E7A37241FA82700765C17 /* Transition.swift */ = {isa = PBXFileReference; lastKnownFileType = sourcecode.swift; path = Transition.swift; sourceTree = "<group>"; };
		9E4E7A39241FA9E200765C17 /* Transitions.swift */ = {isa = PBXFileReference; lastKnownFileType = sourcecode.swift; path = Transitions.swift; sourceTree = "<group>"; };
/* End PBXFileReference section */

/* Begin PBXFrameworksBuildPhase section */
		9E4E7A20241E945100765C17 /* Frameworks */ = {
			isa = PBXFrameworksBuildPhase;
			buildActionMask = 2147483647;
			files = (
			);
			runOnlyForDeploymentPostprocessing = 0;
		};
/* End PBXFrameworksBuildPhase section */

/* Begin PBXGroup section */
		9E4E7A1A241E945100765C17 = {
			isa = PBXGroup;
			children = (
				9E4E7A25241E945100765C17 /* ParsingTool */,
				9E4E7A24241E945100765C17 /* Products */,
			);
			sourceTree = "<group>";
		};
		9E4E7A24241E945100765C17 /* Products */ = {
			isa = PBXGroup;
			children = (
				9E4E7A23241E945100765C17 /* ParsingTool */,
			);
			name = Products;
			sourceTree = "<group>";
		};
		9E4E7A25241E945100765C17 /* ParsingTool */ = {
			isa = PBXGroup;
			children = (
				9E4E7A2D241E946400765C17 /* Conversor.swift */,
				9E4E7A33241FA5CB00765C17 /* Extensions.swift */,
				9E4E7A2F241FA02D00765C17 /* Constants.swift */,
				9E4E7A31241FA04600765C17 /* State.swift */,
				9E4E7A35241FA80B00765C17 /* States.swift */,
				9E4E7A37241FA82700765C17 /* Transition.swift */,
				9E4E7A39241FA9E200765C17 /* Transitions.swift */,
				9E4E7A26241E945100765C17 /* main.swift */,
			);
			path = ParsingTool;
			sourceTree = "<group>";
		};
/* End PBXGroup section */

/* Begin PBXNativeTarget section */
		9E4E7A22241E945100765C17 /* ParsingTool */ = {
			isa = PBXNativeTarget;
			buildConfigurationList = 9E4E7A2A241E945100765C17 /* Build configuration list for PBXNativeTarget "ParsingTool" */;
			buildPhases = (
				9E4E7A1F241E945100765C17 /* Sources */,
				9E4E7A20241E945100765C17 /* Frameworks */,
				9E4E7A21241E945100765C17 /* CopyFiles */,
			);
			buildRules = (
			);
			dependencies = (
			);
			name = ParsingTool;
			productName = ParsingTool;
			productReference = 9E4E7A23241E945100765C17 /* ParsingTool */;
			productType = "com.apple.product-type.tool";
		};
/* End PBXNativeTarget section */

/* Begin PBXProject section */
		9E4E7A1B241E945100765C17 /* Project object */ = {
			isa = PBXProject;
			attributes = {
				LastSwiftUpdateCheck = 1130;
				LastUpgradeCheck = 1130;
				ORGANIZATIONNAME = HumileAnts;
				TargetAttributes = {
					9E4E7A22241E945100765C17 = {
						CreatedOnToolsVersion = 11.3.1;
					};
				};
			};
			buildConfigurationList = 9E4E7A1E241E945100765C17 /* Build configuration list for PBXProject "ParsingTool" */;
			compatibilityVersion = "Xcode 9.3";
			developmentRegion = en;
			hasScannedForEncodings = 0;
			knownRegions = (
				en,
				Base,
			);
			mainGroup = 9E4E7A1A241E945100765C17;
			productRefGroup = 9E4E7A24241E945100765C17 /* Products */;
			projectDirPath = "";
			projectRoot = "";
			targets = (
				9E4E7A22241E945100765C17 /* ParsingTool */,
			);
		};
/* End PBXProject section */

/* Begin PBXSourcesBuildPhase section */
		9E4E7A1F241E945100765C17 /* Sources */ = {
			isa = PBXSourcesBuildPhase;
			buildActionMask = 2147483647;
			files = (
				9E4E7A38241FA82700765C17 /* Transition.swift in Sources */,
				9E4E7A34241FA5CB00765C17 /* Extensions.swift in Sources */,
				9E4E7A3A241FA9E200765C17 /* Transitions.swift in Sources */,
				9E4E7A27241E945100765C17 /* main.swift in Sources */,
				9E4E7A2E241E946400765C17 /* Conversor.swift in Sources */,
				9E4E7A36241FA80B00765C17 /* States.swift in Sources */,
				9E4E7A30241FA02D00765C17 /* Constants.swift in Sources */,
				9E4E7A32241FA04600765C17 /* State.swift in Sources */,
			);
			runOnlyForDeploymentPostprocessing = 0;
		};
/* End PBXSourcesBuildPhase section */

/* Begin XCBuildConfiguration section */
		9E4E7A28241E945100765C17 /* Debug */ = {
			isa = XCBuildConfiguration;
			buildSettings = {
				ALWAYS_SEARCH_USER_PATHS = NO;
				CLANG_ANALYZER_NONNULL = YES;
				CLANG_ANALYZER_NUMBER_OBJECT_CONVERSION = YES_AGGRESSIVE;
				CLANG_CXX_LANGUAGE_STANDARD = "gnu++14";
				CLANG_CXX_LIBRARY = "libc++";
				CLANG_ENABLE_MODULES = YES;
				CLANG_ENABLE_OBJC_ARC = YES;
				CLANG_ENABLE_OBJC_WEAK = YES;
				CLANG_WARN_BLOCK_CAPTURE_AUTORELEASING = YES;
				CLANG_WARN_BOOL_CONVERSION = YES;
				CLANG_WARN_COMMA = YES;
				CLANG_WARN_CONSTANT_CONVERSION = YES;
				CLANG_WARN_DEPRECATED_OBJC_IMPLEMENTATIONS = YES;
				CLANG_WARN_DIRECT_OBJC_ISA_USAGE = YES_ERROR;
				CLANG_WARN_DOCUMENTATION_COMMENTS = YES;
				CLANG_WARN_EMPTY_BODY = YES;
				CLANG_WARN_ENUM_CONVERSION = YES;
				CLANG_WARN_INFINITE_RECURSION = YES;
				CLANG_WARN_INT_CONVERSION = YES;
				CLANG_WARN_NON_LITERAL_NULL_CONVERSION = YES;
				CLANG_WARN_OBJC_IMPLICIT_RETAIN_SELF = YES;
				CLANG_WARN_OBJC_LITERAL_CONVERSION = YES;
				CLANG_WARN_OBJC_ROOT_CLASS = YES_ERROR;
				CLANG_WARN_RANGE_LOOP_ANALYSIS = YES;
				CLANG_WARN_STRICT_PROTOTYPES = YES;
				CLANG_WARN_SUSPICIOUS_MOVE = YES;
				CLANG_WARN_UNGUARDED_AVAILABILITY = YES_AGGRESSIVE;
				CLANG_WARN_UNREACHABLE_CODE = YES;
				CLANG_WARN__DUPLICATE_METHOD_MATCH = YES;
				COPY_PHASE_STRIP = NO;
				DEBUG_INFORMATION_FORMAT = dwarf;
				ENABLE_STRICT_OBJC_MSGSEND = YES;
				ENABLE_TESTABILITY = YES;
				GCC_C_LANGUAGE_STANDARD = gnu11;
				GCC_DYNAMIC_NO_PIC = NO;
				GCC_NO_COMMON_BLOCKS = YES;
				GCC_OPTIMIZATION_LEVEL = 0;
				GCC_PREPROCESSOR_DEFINITIONS = (
					"DEBUG=1",
					"$(inherited)",
				);
				GCC_WARN_64_TO_32_BIT_CONVERSION = YES;
				GCC_WARN_ABOUT_RETURN_TYPE = YES_ERROR;
				GCC_WARN_UNDECLARED_SELECTOR = YES;
				GCC_WARN_UNINITIALIZED_AUTOS = YES_AGGRESSIVE;
				GCC_WARN_UNUSED_FUNCTION = YES;
				GCC_WARN_UNUSED_VARIABLE = YES;
				MACOSX_DEPLOYMENT_TARGET = 10.15;
				MTL_ENABLE_DEBUG_INFO = INCLUDE_SOURCE;
				MTL_FAST_MATH = YES;
				ONLY_ACTIVE_ARCH = YES;
				SDKROOT = macosx;
				SWIFT_ACTIVE_COMPILATION_CONDITIONS = DEBUG;
				SWIFT_OPTIMIZATION_LEVEL = "-Onone";
			};
			name = Debug;
		};
		9E4E7A29241E945100765C17 /* Release */ = {
			isa = XCBuildConfiguration;
			buildSettings = {
				ALWAYS_SEARCH_USER_PATHS = NO;
				CLANG_ANALYZER_NONNULL = YES;
				CLANG_ANALYZER_NUMBER_OBJECT_CONVERSION = YES_AGGRESSIVE;
				CLANG_CXX_LANGUAGE_STANDARD = "gnu++14";
				CLANG_CXX_LIBRARY = "libc++";
				CLANG_ENABLE_MODULES = YES;
				CLANG_ENABLE_OBJC_ARC = YES;
				CLANG_ENABLE_OBJC_WEAK = YES;
				CLANG_WARN_BLOCK_CAPTURE_AUTORELEASING = YES;
				CLANG_WARN_BOOL_CONVERSION = YES;
				CLANG_WARN_COMMA = YES;
				CLANG_WARN_CONSTANT_CONVERSION = YES;
				CLANG_WARN_DEPRECATED_OBJC_IMPLEMENTATIONS = YES;
				CLANG_WARN_DIRECT_OBJC_ISA_USAGE = YES_ERROR;
				CLANG_WARN_DOCUMENTATION_COMMENTS = YES;
				CLANG_WARN_EMPTY_BODY = YES;
				CLANG_WARN_ENUM_CONVERSION = YES;
				CLANG_WARN_INFINITE_RECURSION = YES;
				CLANG_WARN_INT_CONVERSION = YES;
				CLANG_WARN_NON_LITERAL_NULL_CONVERSION = YES;
				CLANG_WARN_OBJC_IMPLICIT_RETAIN_SELF = YES;
				CLANG_WARN_OBJC_LITERAL_CONVERSION = YES;
				CLANG_WARN_OBJC_ROOT_CLASS = YES_ERROR;
				CLANG_WARN_RANGE_LOOP_ANALYSIS = YES;
				CLANG_WARN_STRICT_PROTOTYPES = YES;
				CLANG_WARN_SUSPICIOUS_MOVE = YES;
				CLANG_WARN_UNGUARDED_AVAILABILITY = YES_AGGRESSIVE;
				CLANG_WARN_UNREACHABLE_CODE = YES;
				CLANG_WARN__DUPLICATE_METHOD_MATCH = YES;
				COPY_PHASE_STRIP = NO;
				DEBUG_INFORMATION_FORMAT = "dwarf-with-dsym";
				ENABLE_NS_ASSERTIONS = NO;
				ENABLE_STRICT_OBJC_MSGSEND = YES;
				GCC_C_LANGUAGE_STANDARD = gnu11;
				GCC_NO_COMMON_BLOCKS = YES;
				GCC_WARN_64_TO_32_BIT_CONVERSION = YES;
				GCC_WARN_ABOUT_RETURN_TYPE = YES_ERROR;
				GCC_WARN_UNDECLARED_SELECTOR = YES;
				GCC_WARN_UNINITIALIZED_AUTOS = YES_AGGRESSIVE;
				GCC_WARN_UNUSED_FUNCTION = YES;
				GCC_WARN_UNUSED_VARIABLE = YES;
				MACOSX_DEPLOYMENT_TARGET = 10.15;
				MTL_ENABLE_DEBUG_INFO = NO;
				MTL_FAST_MATH = YES;
				SDKROOT = macosx;
				SWIFT_COMPILATION_MODE = wholemodule;
				SWIFT_OPTIMIZATION_LEVEL = "-O";
			};
			name = Release;
		};
		9E4E7A2B241E945100765C17 /* Debug */ = {
			isa = XCBuildConfiguration;
			buildSettings = {
				CODE_SIGN_STYLE = Automatic;
				DEVELOPMENT_TEAM = 3AS2PM2F4J;
				ENABLE_HARDENED_RUNTIME = YES;
				PRODUCT_NAME = "$(TARGET_NAME)";
				SWIFT_VERSION = 5.0;
			};
			name = Debug;
		};
		9E4E7A2C241E945100765C17 /* Release */ = {
			isa = XCBuildConfiguration;
			buildSettings = {
				CODE_SIGN_STYLE = Automatic;
				DEVELOPMENT_TEAM = 3AS2PM2F4J;
				ENABLE_HARDENED_RUNTIME = YES;
				PRODUCT_NAME = "$(TARGET_NAME)";
				SWIFT_VERSION = 5.0;
			};
			name = Release;
		};
/* End XCBuildConfiguration section */

/* Begin XCConfigurationList section */
		9E4E7A1E241E945100765C17 /* Build configuration list for PBXProject "ParsingTool" */ = {
			isa = XCConfigurationList;
			buildConfigurations = (
				9E4E7A28241E945100765C17 /* Debug */,
				9E4E7A29241E945100765C17 /* Release */,
			);
			defaultConfigurationIsVisible = 0;
			defaultConfigurationName = Release;
		};
		9E4E7A2A241E945100765C17 /* Build configuration list for PBXNativeTarget "ParsingTool" */ = {
			isa = XCConfigurationList;
			buildConfigurations = (
				9E4E7A2B241E945100765C17 /* Debug */,
				9E4E7A2C241E945100765C17 /* Release */,
			);
			defaultConfigurationIsVisible = 0;
			defaultConfigurationName = Release;
		};
/* End XCConfigurationList section */
	};
	rootObject = 9E4E7A1B241E945100765C17 /* Project object */;
}
